// !$*UTF8*$!
{
	archiveVersion = 1;
	classes = {
	};
	objectVersion = 46;
	objects = {

/* Begin PBXBuildFile section */
		0F29F1571682475600E81811 /* A1.mp3 in Resources */ = {isa = PBXBuildFile; fileRef = 0F6A7323167DA520008A35AF /* A1.mp3 */; };
		0F29F1581682475600E81811 /* A1_2.mp3 in Resources */ = {isa = PBXBuildFile; fileRef = 0F6A7324167DA520008A35AF /* A1_2.mp3 */; };
		0F29F1591682475600E81811 /* A1_4.mp3 in Resources */ = {isa = PBXBuildFile; fileRef = 0F6A7325167DA520008A35AF /* A1_4.mp3 */; };
		0F29F15A1682475600E81811 /* A1_8.mp3 in Resources */ = {isa = PBXBuildFile; fileRef = 0F6A7326167DA520008A35AF /* A1_8.mp3 */; };
		0F29F15B1682475600E81811 /* A2.mp3 in Resources */ = {isa = PBXBuildFile; fileRef = 0F6A7327167DA520008A35AF /* A2.mp3 */; };
		0F29F15C1682475600E81811 /* A2_2.mp3 in Resources */ = {isa = PBXBuildFile; fileRef = 0F6A7328167DA520008A35AF /* A2_2.mp3 */; };
		0F29F15D1682475600E81811 /* A2_4.mp3 in Resources */ = {isa = PBXBuildFile; fileRef = 0F6A7329167DA520008A35AF /* A2_4.mp3 */; };
		0F29F15E1682475600E81811 /* A2_8.mp3 in Resources */ = {isa = PBXBuildFile; fileRef = 0F6A732A167DA520008A35AF /* A2_8.mp3 */; };
		0F29F15F1682475600E81811 /* B1.mp3 in Resources */ = {isa = PBXBuildFile; fileRef = 0F6A732B167DA520008A35AF /* B1.mp3 */; };
		0F29F1601682475600E81811 /* B1_2.mp3 in Resources */ = {isa = PBXBuildFile; fileRef = 0F6A732C167DA520008A35AF /* B1_2.mp3 */; };
		0F29F1611682475600E81811 /* B1_4.mp3 in Resources */ = {isa = PBXBuildFile; fileRef = 0F6A732D167DA520008A35AF /* B1_4.mp3 */; };
		0F29F1621682475600E81811 /* B1_8.mp3 in Resources */ = {isa = PBXBuildFile; fileRef = 0F6A732E167DA520008A35AF /* B1_8.mp3 */; };
		0F29F1631682475600E81811 /* B2.mp3 in Resources */ = {isa = PBXBuildFile; fileRef = 0F6A732F167DA520008A35AF /* B2.mp3 */; };
		0F29F1641682475600E81811 /* B2_2.mp3 in Resources */ = {isa = PBXBuildFile; fileRef = 0F6A7330167DA520008A35AF /* B2_2.mp3 */; };
		0F29F1651682475600E81811 /* B2_4.mp3 in Resources */ = {isa = PBXBuildFile; fileRef = 0F6A7331167DA520008A35AF /* B2_4.mp3 */; };
		0F29F1661682475600E81811 /* B2_8.mp3 in Resources */ = {isa = PBXBuildFile; fileRef = 0F6A7332167DA520008A35AF /* B2_8.mp3 */; };
		0F29F1671682475600E81811 /* C1.mp3 in Resources */ = {isa = PBXBuildFile; fileRef = 0F6A7333167DA520008A35AF /* C1.mp3 */; };
		0F29F1681682475600E81811 /* C1_2.mp3 in Resources */ = {isa = PBXBuildFile; fileRef = 0F6A7334167DA520008A35AF /* C1_2.mp3 */; };
		0F29F1691682475600E81811 /* C1_4.mp3 in Resources */ = {isa = PBXBuildFile; fileRef = 0F6A7335167DA520008A35AF /* C1_4.mp3 */; };
		0F29F16A1682475600E81811 /* C1_8.mp3 in Resources */ = {isa = PBXBuildFile; fileRef = 0F6A7336167DA520008A35AF /* C1_8.mp3 */; };
		0F29F16B1682475600E81811 /* C2.mp3 in Resources */ = {isa = PBXBuildFile; fileRef = 0F6A7337167DA520008A35AF /* C2.mp3 */; };
		0F29F16C1682475600E81811 /* C2_2.mp3 in Resources */ = {isa = PBXBuildFile; fileRef = 0F6A7338167DA520008A35AF /* C2_2.mp3 */; };
		0F29F16D1682475600E81811 /* C2_4.mp3 in Resources */ = {isa = PBXBuildFile; fileRef = 0F6A7339167DA520008A35AF /* C2_4.mp3 */; };
		0F29F16E1682475600E81811 /* C2_8.mp3 in Resources */ = {isa = PBXBuildFile; fileRef = 0F6A733A167DA520008A35AF /* C2_8.mp3 */; };
		0F29F16F1682475600E81811 /* C3.mp3 in Resources */ = {isa = PBXBuildFile; fileRef = 0F6A733B167DA520008A35AF /* C3.mp3 */; };
		0F29F1701682475600E81811 /* C3_2.mp3 in Resources */ = {isa = PBXBuildFile; fileRef = 0F6A733C167DA520008A35AF /* C3_2.mp3 */; };
		0F29F1711682475600E81811 /* C3_4.mp3 in Resources */ = {isa = PBXBuildFile; fileRef = 0F6A733D167DA520008A35AF /* C3_4.mp3 */; };
		0F29F1721682475600E81811 /* C3_8.mp3 in Resources */ = {isa = PBXBuildFile; fileRef = 0F6A733E167DA520008A35AF /* C3_8.mp3 */; };
		0F29F1731682475600E81811 /* D1.mp3 in Resources */ = {isa = PBXBuildFile; fileRef = 0F6A733F167DA520008A35AF /* D1.mp3 */; };
		0F29F1741682475600E81811 /* D1_2.mp3 in Resources */ = {isa = PBXBuildFile; fileRef = 0F6A7340167DA520008A35AF /* D1_2.mp3 */; };
		0F29F1751682475600E81811 /* D1_4.mp3 in Resources */ = {isa = PBXBuildFile; fileRef = 0F6A7341167DA520008A35AF /* D1_4.mp3 */; };
		0F29F1761682475600E81811 /* D1_8.mp3 in Resources */ = {isa = PBXBuildFile; fileRef = 0F6A7342167DA520008A35AF /* D1_8.mp3 */; };
		0F29F1771682475600E81811 /* D2.mp3 in Resources */ = {isa = PBXBuildFile; fileRef = 0F6A7343167DA520008A35AF /* D2.mp3 */; };
		0F29F1781682475600E81811 /* D2_2.mp3 in Resources */ = {isa = PBXBuildFile; fileRef = 0F6A7344167DA520008A35AF /* D2_2.mp3 */; };
		0F29F1791682475600E81811 /* D2_4.mp3 in Resources */ = {isa = PBXBuildFile; fileRef = 0F6A7345167DA520008A35AF /* D2_4.mp3 */; };
		0F29F17A1682475600E81811 /* D2_8.mp3 in Resources */ = {isa = PBXBuildFile; fileRef = 0F6A7346167DA520008A35AF /* D2_8.mp3 */; };
		0F29F17B1682475600E81811 /* D3.mp3 in Resources */ = {isa = PBXBuildFile; fileRef = 0F6A7347167DA520008A35AF /* D3.mp3 */; };
		0F29F17C1682475600E81811 /* D3_2.mp3 in Resources */ = {isa = PBXBuildFile; fileRef = 0F6A7348167DA520008A35AF /* D3_2.mp3 */; };
		0F29F17D1682475600E81811 /* D3_4.mp3 in Resources */ = {isa = PBXBuildFile; fileRef = 0F6A7349167DA520008A35AF /* D3_4.mp3 */; };
		0F29F17E1682475600E81811 /* D3_8.mp3 in Resources */ = {isa = PBXBuildFile; fileRef = 0F6A734A167DA520008A35AF /* D3_8.mp3 */; };
		0F29F17F1682475600E81811 /* E1.mp3 in Resources */ = {isa = PBXBuildFile; fileRef = 0F6A734B167DA520008A35AF /* E1.mp3 */; };
		0F29F1801682475600E81811 /* E1_2.mp3 in Resources */ = {isa = PBXBuildFile; fileRef = 0F6A734C167DA520008A35AF /* E1_2.mp3 */; };
		0F29F1811682475600E81811 /* E1_4.mp3 in Resources */ = {isa = PBXBuildFile; fileRef = 0F6A734D167DA520008A35AF /* E1_4.mp3 */; };
		0F29F1821682475600E81811 /* E1_8.mp3 in Resources */ = {isa = PBXBuildFile; fileRef = 0F6A734E167DA520008A35AF /* E1_8.mp3 */; };
		0F29F1831682475600E81811 /* E2.mp3 in Resources */ = {isa = PBXBuildFile; fileRef = 0F6A734F167DA520008A35AF /* E2.mp3 */; };
		0F29F1841682475600E81811 /* E2_2.mp3 in Resources */ = {isa = PBXBuildFile; fileRef = 0F6A7350167DA520008A35AF /* E2_2.mp3 */; };
		0F29F1851682475600E81811 /* E2_4.mp3 in Resources */ = {isa = PBXBuildFile; fileRef = 0F6A7351167DA520008A35AF /* E2_4.mp3 */; };
		0F29F1861682475600E81811 /* E2_8.mp3 in Resources */ = {isa = PBXBuildFile; fileRef = 0F6A7352167DA520008A35AF /* E2_8.mp3 */; };
		0F29F1871682475600E81811 /* E3.mp3 in Resources */ = {isa = PBXBuildFile; fileRef = 0F6A7353167DA520008A35AF /* E3.mp3 */; };
		0F29F1881682475600E81811 /* E3_2.mp3 in Resources */ = {isa = PBXBuildFile; fileRef = 0F6A7354167DA520008A35AF /* E3_2.mp3 */; };
		0F29F1891682475600E81811 /* E3_4.mp3 in Resources */ = {isa = PBXBuildFile; fileRef = 0F6A7355167DA520008A35AF /* E3_4.mp3 */; };
		0F29F18A1682475600E81811 /* E3_8.mp3 in Resources */ = {isa = PBXBuildFile; fileRef = 0F6A7356167DA520008A35AF /* E3_8.mp3 */; };
		0F29F18B1682475600E81811 /* F1.mp3 in Resources */ = {isa = PBXBuildFile; fileRef = 0F6A7357167DA520008A35AF /* F1.mp3 */; };
		0F29F18C1682475600E81811 /* F1_2.mp3 in Resources */ = {isa = PBXBuildFile; fileRef = 0F6A7358167DA520008A35AF /* F1_2.mp3 */; };
		0F29F18D1682475600E81811 /* F1_4.mp3 in Resources */ = {isa = PBXBuildFile; fileRef = 0F6A7359167DA520008A35AF /* F1_4.mp3 */; };
		0F29F18E1682475600E81811 /* F1_8.mp3 in Resources */ = {isa = PBXBuildFile; fileRef = 0F6A735A167DA520008A35AF /* F1_8.mp3 */; };
		0F29F18F1682475600E81811 /* F2.mp3 in Resources */ = {isa = PBXBuildFile; fileRef = 0F6A735B167DA520008A35AF /* F2.mp3 */; };
		0F29F1901682475600E81811 /* F2_2.mp3 in Resources */ = {isa = PBXBuildFile; fileRef = 0F6A735C167DA520008A35AF /* F2_2.mp3 */; };
		0F29F1911682475600E81811 /* F2_4.mp3 in Resources */ = {isa = PBXBuildFile; fileRef = 0F6A735D167DA520008A35AF /* F2_4.mp3 */; };
		0F29F1921682475600E81811 /* F2_8.mp3 in Resources */ = {isa = PBXBuildFile; fileRef = 0F6A735E167DA520008A35AF /* F2_8.mp3 */; };
		0F29F1931682475600E81811 /* F3.mp3 in Resources */ = {isa = PBXBuildFile; fileRef = 0F6A735F167DA520008A35AF /* F3.mp3 */; };
		0F29F1941682475600E81811 /* F3_2.mp3 in Resources */ = {isa = PBXBuildFile; fileRef = 0F6A7360167DA520008A35AF /* F3_2.mp3 */; };
		0F29F1951682475600E81811 /* F3_4.mp3 in Resources */ = {isa = PBXBuildFile; fileRef = 0F6A7361167DA520008A35AF /* F3_4.mp3 */; };
		0F29F1961682475600E81811 /* F3_8.mp3 in Resources */ = {isa = PBXBuildFile; fileRef = 0F6A7362167DA520008A35AF /* F3_8.mp3 */; };
		0F29F1971682475600E81811 /* G1.mp3 in Resources */ = {isa = PBXBuildFile; fileRef = 0F6A7363167DA520008A35AF /* G1.mp3 */; };
		0F29F1981682475600E81811 /* G1_2.mp3 in Resources */ = {isa = PBXBuildFile; fileRef = 0F6A7364167DA520008A35AF /* G1_2.mp3 */; };
		0F29F1991682475600E81811 /* G1_4.mp3 in Resources */ = {isa = PBXBuildFile; fileRef = 0F6A7365167DA520008A35AF /* G1_4.mp3 */; };
		0F29F19A1682475600E81811 /* G1_8.mp3 in Resources */ = {isa = PBXBuildFile; fileRef = 0F6A7366167DA520008A35AF /* G1_8.mp3 */; };
		0F29F19B1682475600E81811 /* G2.mp3 in Resources */ = {isa = PBXBuildFile; fileRef = 0F6A7367167DA520008A35AF /* G2.mp3 */; };
		0F29F19C1682475600E81811 /* G2_2.mp3 in Resources */ = {isa = PBXBuildFile; fileRef = 0F6A7368167DA520008A35AF /* G2_2.mp3 */; };
		0F29F19D1682475600E81811 /* G2_4.mp3 in Resources */ = {isa = PBXBuildFile; fileRef = 0F6A7369167DA520008A35AF /* G2_4.mp3 */; };
		0F29F19E1682475600E81811 /* G2_8.mp3 in Resources */ = {isa = PBXBuildFile; fileRef = 0F6A736A167DA520008A35AF /* G2_8.mp3 */; };
		0F29F19F1682475600E81811 /* rest.mp3 in Resources */ = {isa = PBXBuildFile; fileRef = 0F6A736B167DA520008A35AF /* rest.mp3 */; };
		0F29F1A01682475600E81811 /* rest_2.mp3 in Resources */ = {isa = PBXBuildFile; fileRef = 0F6A736C167DA520008A35AF /* rest_2.mp3 */; };
		0F29F1A11682475600E81811 /* rest_4.mp3 in Resources */ = {isa = PBXBuildFile; fileRef = 0F6A736D167DA520008A35AF /* rest_4.mp3 */; };
		0F29F1A21682475600E81811 /* rest_8.mp3 in Resources */ = {isa = PBXBuildFile; fileRef = 0F6A736E167DA520008A35AF /* rest_8.mp3 */; };
		0F8E39FB167ADDFA00F5FCD7 /* GESoundManager.m in Sources */ = {isa = PBXBuildFile; fileRef = 0FA19BD716798EFF0050A449 /* GESoundManager.m */; };
		0FF2289C168B360C0000ACFA /* 哥哥爸爸真偉大.mp3 in Resources */ = {isa = PBXBuildFile; fileRef = 0F78D098168B2E7D002CD841 /* 哥哥爸爸真偉大.mp3 */; };
		0FF2289D168B360C0000ACFA /* 天黑黑.mp3 in Resources */ = {isa = PBXBuildFile; fileRef = 0F78D099168B2E7D002CD841 /* 天黑黑.mp3 */; };
		0FF2289E168B360C0000ACFA /* 小星星.mp3 in Resources */ = {isa = PBXBuildFile; fileRef = 0F78D09A168B2E7D002CD841 /* 小星星.mp3 */; };
		0FF2289F168B360C0000ACFA /* 小蜜蜂.mp3 in Resources */ = {isa = PBXBuildFile; fileRef = 0F78D09B168B2E7D002CD841 /* 小蜜蜂.mp3 */; };
		0FF228A0168B360C0000ACFA /* 我有一隻小毛驢.mp3 in Resources */ = {isa = PBXBuildFile; fileRef = 0F78D09C168B2E7D002CD841 /* 我有一隻小毛驢.mp3 */; };
		0FF228A1168B360C0000ACFA /* 捉泥鰍.mp3 in Resources */ = {isa = PBXBuildFile; fileRef = 0F78D09D168B2E7D002CD841 /* 捉泥鰍.mp3 */; };
		0FF228A2168B360C0000ACFA /* 瑪麗有隻小綿羊.mp3 in Resources */ = {isa = PBXBuildFile; fileRef = 0F78D09E168B2E7D002CD841 /* 瑪麗有隻小綿羊.mp3 */; };
		54028AFF1673BB43003F997C /* GENote.m in Sources */ = {isa = PBXBuildFile; fileRef = 54028AFE1673BB43003F997C /* GENote.m */; };
		54045D311681AFB300C57821 /* staff_back.png in Resources */ = {isa = PBXBuildFile; fileRef = 54045D301681AFB300C57821 /* staff_back.png */; };
		54045D341681E83E00C57821 /* QuartzCore.framework in Frameworks */ = {isa = PBXBuildFile; fileRef = 54045D331681E83E00C57821 /* QuartzCore.framework */; };
		54045D3D1681F7BB00C57821 /* back_button.png in Resources */ = {isa = PBXBuildFile; fileRef = 54045D3C1681F7BB00C57821 /* back_button.png */; };
		54045D3F1682190800C57821 /* Treble_Clef.png in Resources */ = {isa = PBXBuildFile; fileRef = 54045D3E1682190800C57821 /* Treble_Clef.png */; };
		54045D421682208700C57821 /* play_icon.png in Resources */ = {isa = PBXBuildFile; fileRef = 54045D401682208700C57821 /* play_icon.png */; };
		54045D431682208700C57821 /* submit_icon.png in Resources */ = {isa = PBXBuildFile; fileRef = 54045D411682208700C57821 /* submit_icon.png */; };
		54045D471682292600C57821 /* dash.png in Resources */ = {isa = PBXBuildFile; fileRef = 54045D461682292600C57821 /* dash.png */; };
		54045D4E1682540000C57821 /* play_with_text.png in Resources */ = {isa = PBXBuildFile; fileRef = 54045D4C1682540000C57821 /* play_with_text.png */; };
		54045D4F1682540000C57821 /* submit_with_text.png in Resources */ = {isa = PBXBuildFile; fileRef = 54045D4D1682540000C57821 /* submit_with_text.png */; };
		54045D53168255E700C57821 /* GEResult.m in Sources */ = {isa = PBXBuildFile; fileRef = 54045D52168255E700C57821 /* GEResult.m */; };
		54045D561682608300C57821 /* GEFailedView.m in Sources */ = {isa = PBXBuildFile; fileRef = 54045D551682608300C57821 /* GEFailedView.m */; };
		54045D581682647800C57821 /* failed_view.png in Resources */ = {isa = PBXBuildFile; fileRef = 54045D571682647800C57821 /* failed_view.png */; };
		54045D7F16826A7300C57821 /* back_button_pressed.png in Resources */ = {isa = PBXBuildFile; fileRef = 54045D7C16826A7300C57821 /* back_button_pressed.png */; };
		54045D8016826A7300C57821 /* submit_with_text_pressed.png in Resources */ = {isa = PBXBuildFile; fileRef = 54045D7D16826A7300C57821 /* submit_with_text_pressed.png */; };
		54045D8116826A7300C57821 /* play_with_text_pressed.png in Resources */ = {isa = PBXBuildFile; fileRef = 54045D7E16826A7300C57821 /* play_with_text_pressed.png */; };
		54045D891682708300C57821 /* SCWaveAnimationView.m in Sources */ = {isa = PBXBuildFile; fileRef = 54045D881682708300C57821 /* SCWaveAnimationView.m */; };
		54045D8F168289AF00C57821 /* success.png in Resources */ = {isa = PBXBuildFile; fileRef = 54045D8E168289AF00C57821 /* success.png */; };
		5409411D168B41C9007CDB47 /* submit_button_3d_press.png in Resources */ = {isa = PBXBuildFile; fileRef = 54094117168B41C9007CDB47 /* submit_button_3d_press.png */; };
		5409411E168B41C9007CDB47 /* submit_button_3d.png in Resources */ = {isa = PBXBuildFile; fileRef = 54094118168B41C9007CDB47 /* submit_button_3d.png */; };
		5409411F168B41C9007CDB47 /* back_button_3d_press.png in Resources */ = {isa = PBXBuildFile; fileRef = 54094119168B41C9007CDB47 /* back_button_3d_press.png */; };
		54094120168B41C9007CDB47 /* play_button_3d_press.png in Resources */ = {isa = PBXBuildFile; fileRef = 5409411A168B41C9007CDB47 /* play_button_3d_press.png */; };
		54094121168B41C9007CDB47 /* play_button_3d.png in Resources */ = {isa = PBXBuildFile; fileRef = 5409411B168B41C9007CDB47 /* play_button_3d.png */; };
		54094122168B41C9007CDB47 /* back_button_3d.png in Resources */ = {isa = PBXBuildFile; fileRef = 5409411C168B41C9007CDB47 /* back_button_3d.png */; };
		54094125168B42C2007CDB47 /* back_button_3d_press-2.png in Resources */ = {isa = PBXBuildFile; fileRef = 54094124168B42C2007CDB47 /* back_button_3d_press-2.png */; };
		542B1F43167F924B004F4B89 /* GEStaff.m in Sources */ = {isa = PBXBuildFile; fileRef = 542B1F42167F924B004F4B89 /* GEStaff.m */; };
		542B1F46167F9613004F4B89 /* line.png in Resources */ = {isa = PBXBuildFile; fileRef = 542B1F45167F9613004F4B89 /* line.png */; };
		542B1F4916801B43004F4B89 /* GECalculateHelper.m in Sources */ = {isa = PBXBuildFile; fileRef = 542B1F4816801B43004F4B89 /* GECalculateHelper.m */; };
		54D6A4211686174A00A01E62 /* staff_line.png in Resources */ = {isa = PBXBuildFile; fileRef = 54D6A4201686174A00A01E62 /* staff_line.png */; };
		54D6A42516861D4900A01E62 /* back_button-3.png in Resources */ = {isa = PBXBuildFile; fileRef = 54D6A42316861D4800A01E62 /* back_button-3.png */; };
		54D6A42616861D4900A01E62 /* back_button-2.png in Resources */ = {isa = PBXBuildFile; fileRef = 54D6A42416861D4800A01E62 /* back_button-2.png */; };
		54D6A42816861F8F00A01E62 /* back_button-4.png in Resources */ = {isa = PBXBuildFile; fileRef = 54D6A42716861F8F00A01E62 /* back_button-4.png */; };
		900C908916805D2800FCF207 /* songs.plist in Resources */ = {isa = PBXBuildFile; fileRef = 900C908816805D2800FCF207 /* songs.plist */; };
		900C908F1680940300FCF207 /* Icon-72@2x.png in Resources */ = {isa = PBXBuildFile; fileRef = 900C908E1680940300FCF207 /* Icon-72@2x.png */; };
		900C90911680942200FCF207 /* Icon-72.png in Resources */ = {isa = PBXBuildFile; fileRef = 900C90901680942200FCF207 /* Icon-72.png */; };
		900C90991680AC7900FCF207 /* stick.png in Resources */ = {isa = PBXBuildFile; fileRef = 900C90981680AC7900FCF207 /* stick.png */; };
		902FE21216822E70000783DB /* arrow.png in Resources */ = {isa = PBXBuildFile; fileRef = 902FE21116822E70000783DB /* arrow.png */; };
		902FE2201682666E000783DB /* roulette.png in Resources */ = {isa = PBXBuildFile; fileRef = 902FE21F1682666E000783DB /* roulette.png */; };
		90362DBE167604B400B65AAC /* GEDragToPlayView.m in Sources */ = {isa = PBXBuildFile; fileRef = 90362DBD167604B400B65AAC /* GEDragToPlayView.m */; };
		9055BC4D1670845D0050E3A2 /* UIKit.framework in Frameworks */ = {isa = PBXBuildFile; fileRef = 9055BC4C1670845D0050E3A2 /* UIKit.framework */; };
		9055BC4F1670845D0050E3A2 /* Foundation.framework in Frameworks */ = {isa = PBXBuildFile; fileRef = 9055BC4E1670845D0050E3A2 /* Foundation.framework */; };
		9055BC511670845D0050E3A2 /* CoreGraphics.framework in Frameworks */ = {isa = PBXBuildFile; fileRef = 9055BC501670845D0050E3A2 /* CoreGraphics.framework */; };
		9055BC571670845D0050E3A2 /* InfoPlist.strings in Resources */ = {isa = PBXBuildFile; fileRef = 9055BC551670845D0050E3A2 /* InfoPlist.strings */; };
		9055BC591670845D0050E3A2 /* main.m in Sources */ = {isa = PBXBuildFile; fileRef = 9055BC581670845D0050E3A2 /* main.m */; };
		9055BC5D1670845D0050E3A2 /* GEAppDelegate.m in Sources */ = {isa = PBXBuildFile; fileRef = 9055BC5C1670845D0050E3A2 /* GEAppDelegate.m */; };
		9055BC5F1670845D0050E3A2 /* Default.png in Resources */ = {isa = PBXBuildFile; fileRef = 9055BC5E1670845D0050E3A2 /* Default.png */; };
		9055BC611670845D0050E3A2 /* Default@2x.png in Resources */ = {isa = PBXBuildFile; fileRef = 9055BC601670845D0050E3A2 /* Default@2x.png */; };
		9055BC631670845D0050E3A2 /* Default-568h@2x.png in Resources */ = {isa = PBXBuildFile; fileRef = 9055BC621670845D0050E3A2 /* Default-568h@2x.png */; };
		9055BC661670845D0050E3A2 /* MainStoryboard.storyboard in Resources */ = {isa = PBXBuildFile; fileRef = 9055BC641670845D0050E3A2 /* MainStoryboard.storyboard */; };
		90613249168224E900D76DBE /* index.png in Resources */ = {isa = PBXBuildFile; fileRef = 90613248168224E900D76DBE /* index.png */; };
		9076FA35167CF1BC00A472E1 /* AVFoundation.framework in Frameworks */ = {isa = PBXBuildFile; fileRef = 9076FA34167CF1BC00A472E1 /* AVFoundation.framework */; };
		90A8FEFF168B3FEE002691AC /* Default-Landscape~ipad.png in Resources */ = {isa = PBXBuildFile; fileRef = 90A8FEFE168B3FEE002691AC /* Default-Landscape~ipad.png */; };
		90A8FF02168B3FFD002691AC /* Default-Landscape@2x~ipad.png in Resources */ = {isa = PBXBuildFile; fileRef = 90A8FF01168B3FFD002691AC /* Default-Landscape@2x~ipad.png */; };
		90A8FF04168B4100002691AC /* background.png in Resources */ = {isa = PBXBuildFile; fileRef = 90A8FF03168B4100002691AC /* background.png */; };
		90CA10501672FF8600584DE9 /* music_staff.png in Resources */ = {isa = PBXBuildFile; fileRef = 90CA104F1672FF8600584DE9 /* music_staff.png */; };
		90CA10531673009F00584DE9 /* GEComposeViewController.m in Sources */ = {isa = PBXBuildFile; fileRef = 90CA10521673009F00584DE9 /* GEComposeViewController.m */; };
		90DB1330168AE559005BE324 /* finger.png in Resources */ = {isa = PBXBuildFile; fileRef = 90DB132F168AE559005BE324 /* finger.png */; };
/* End PBXBuildFile section */

/* Begin PBXFileReference section */
		0F6A7323167DA520008A35AF /* A1.mp3 */ = {isa = PBXFileReference; lastKnownFileType = audio.mp3; path = A1.mp3; sourceTree = "<group>"; };
		0F6A7324167DA520008A35AF /* A1_2.mp3 */ = {isa = PBXFileReference; lastKnownFileType = audio.mp3; path = A1_2.mp3; sourceTree = "<group>"; };
		0F6A7325167DA520008A35AF /* A1_4.mp3 */ = {isa = PBXFileReference; lastKnownFileType = audio.mp3; path = A1_4.mp3; sourceTree = "<group>"; };
		0F6A7326167DA520008A35AF /* A1_8.mp3 */ = {isa = PBXFileReference; lastKnownFileType = audio.mp3; path = A1_8.mp3; sourceTree = "<group>"; };
		0F6A7327167DA520008A35AF /* A2.mp3 */ = {isa = PBXFileReference; lastKnownFileType = audio.mp3; path = A2.mp3; sourceTree = "<group>"; };
		0F6A7328167DA520008A35AF /* A2_2.mp3 */ = {isa = PBXFileReference; lastKnownFileType = audio.mp3; path = A2_2.mp3; sourceTree = "<group>"; };
		0F6A7329167DA520008A35AF /* A2_4.mp3 */ = {isa = PBXFileReference; lastKnownFileType = audio.mp3; path = A2_4.mp3; sourceTree = "<group>"; };
		0F6A732A167DA520008A35AF /* A2_8.mp3 */ = {isa = PBXFileReference; lastKnownFileType = audio.mp3; path = A2_8.mp3; sourceTree = "<group>"; };
		0F6A732B167DA520008A35AF /* B1.mp3 */ = {isa = PBXFileReference; lastKnownFileType = audio.mp3; path = B1.mp3; sourceTree = "<group>"; };
		0F6A732C167DA520008A35AF /* B1_2.mp3 */ = {isa = PBXFileReference; lastKnownFileType = audio.mp3; path = B1_2.mp3; sourceTree = "<group>"; };
		0F6A732D167DA520008A35AF /* B1_4.mp3 */ = {isa = PBXFileReference; lastKnownFileType = audio.mp3; path = B1_4.mp3; sourceTree = "<group>"; };
		0F6A732E167DA520008A35AF /* B1_8.mp3 */ = {isa = PBXFileReference; lastKnownFileType = audio.mp3; path = B1_8.mp3; sourceTree = "<group>"; };
		0F6A732F167DA520008A35AF /* B2.mp3 */ = {isa = PBXFileReference; lastKnownFileType = audio.mp3; path = B2.mp3; sourceTree = "<group>"; };
		0F6A7330167DA520008A35AF /* B2_2.mp3 */ = {isa = PBXFileReference; lastKnownFileType = audio.mp3; path = B2_2.mp3; sourceTree = "<group>"; };
		0F6A7331167DA520008A35AF /* B2_4.mp3 */ = {isa = PBXFileReference; lastKnownFileType = audio.mp3; path = B2_4.mp3; sourceTree = "<group>"; };
		0F6A7332167DA520008A35AF /* B2_8.mp3 */ = {isa = PBXFileReference; lastKnownFileType = audio.mp3; path = B2_8.mp3; sourceTree = "<group>"; };
		0F6A7333167DA520008A35AF /* C1.mp3 */ = {isa = PBXFileReference; lastKnownFileType = audio.mp3; path = C1.mp3; sourceTree = "<group>"; };
		0F6A7334167DA520008A35AF /* C1_2.mp3 */ = {isa = PBXFileReference; lastKnownFileType = audio.mp3; path = C1_2.mp3; sourceTree = "<group>"; };
		0F6A7335167DA520008A35AF /* C1_4.mp3 */ = {isa = PBXFileReference; lastKnownFileType = audio.mp3; path = C1_4.mp3; sourceTree = "<group>"; };
		0F6A7336167DA520008A35AF /* C1_8.mp3 */ = {isa = PBXFileReference; lastKnownFileType = audio.mp3; path = C1_8.mp3; sourceTree = "<group>"; };
		0F6A7337167DA520008A35AF /* C2.mp3 */ = {isa = PBXFileReference; lastKnownFileType = audio.mp3; path = C2.mp3; sourceTree = "<group>"; };
		0F6A7338167DA520008A35AF /* C2_2.mp3 */ = {isa = PBXFileReference; lastKnownFileType = audio.mp3; path = C2_2.mp3; sourceTree = "<group>"; };
		0F6A7339167DA520008A35AF /* C2_4.mp3 */ = {isa = PBXFileReference; lastKnownFileType = audio.mp3; path = C2_4.mp3; sourceTree = "<group>"; };
		0F6A733A167DA520008A35AF /* C2_8.mp3 */ = {isa = PBXFileReference; lastKnownFileType = audio.mp3; path = C2_8.mp3; sourceTree = "<group>"; };
		0F6A733B167DA520008A35AF /* C3.mp3 */ = {isa = PBXFileReference; lastKnownFileType = audio.mp3; path = C3.mp3; sourceTree = "<group>"; };
		0F6A733C167DA520008A35AF /* C3_2.mp3 */ = {isa = PBXFileReference; lastKnownFileType = audio.mp3; path = C3_2.mp3; sourceTree = "<group>"; };
		0F6A733D167DA520008A35AF /* C3_4.mp3 */ = {isa = PBXFileReference; lastKnownFileType = audio.mp3; path = C3_4.mp3; sourceTree = "<group>"; };
		0F6A733E167DA520008A35AF /* C3_8.mp3 */ = {isa = PBXFileReference; lastKnownFileType = audio.mp3; path = C3_8.mp3; sourceTree = "<group>"; };
		0F6A733F167DA520008A35AF /* D1.mp3 */ = {isa = PBXFileReference; lastKnownFileType = audio.mp3; path = D1.mp3; sourceTree = "<group>"; };
		0F6A7340167DA520008A35AF /* D1_2.mp3 */ = {isa = PBXFileReference; lastKnownFileType = audio.mp3; path = D1_2.mp3; sourceTree = "<group>"; };
		0F6A7341167DA520008A35AF /* D1_4.mp3 */ = {isa = PBXFileReference; lastKnownFileType = audio.mp3; path = D1_4.mp3; sourceTree = "<group>"; };
		0F6A7342167DA520008A35AF /* D1_8.mp3 */ = {isa = PBXFileReference; lastKnownFileType = audio.mp3; path = D1_8.mp3; sourceTree = "<group>"; };
		0F6A7343167DA520008A35AF /* D2.mp3 */ = {isa = PBXFileReference; lastKnownFileType = audio.mp3; path = D2.mp3; sourceTree = "<group>"; };
		0F6A7344167DA520008A35AF /* D2_2.mp3 */ = {isa = PBXFileReference; lastKnownFileType = audio.mp3; path = D2_2.mp3; sourceTree = "<group>"; };
		0F6A7345167DA520008A35AF /* D2_4.mp3 */ = {isa = PBXFileReference; lastKnownFileType = audio.mp3; path = D2_4.mp3; sourceTree = "<group>"; };
		0F6A7346167DA520008A35AF /* D2_8.mp3 */ = {isa = PBXFileReference; lastKnownFileType = audio.mp3; path = D2_8.mp3; sourceTree = "<group>"; };
		0F6A7347167DA520008A35AF /* D3.mp3 */ = {isa = PBXFileReference; lastKnownFileType = audio.mp3; path = D3.mp3; sourceTree = "<group>"; };
		0F6A7348167DA520008A35AF /* D3_2.mp3 */ = {isa = PBXFileReference; lastKnownFileType = audio.mp3; path = D3_2.mp3; sourceTree = "<group>"; };
		0F6A7349167DA520008A35AF /* D3_4.mp3 */ = {isa = PBXFileReference; lastKnownFileType = audio.mp3; path = D3_4.mp3; sourceTree = "<group>"; };
		0F6A734A167DA520008A35AF /* D3_8.mp3 */ = {isa = PBXFileReference; lastKnownFileType = audio.mp3; path = D3_8.mp3; sourceTree = "<group>"; };
		0F6A734B167DA520008A35AF /* E1.mp3 */ = {isa = PBXFileReference; lastKnownFileType = audio.mp3; path = E1.mp3; sourceTree = "<group>"; };
		0F6A734C167DA520008A35AF /* E1_2.mp3 */ = {isa = PBXFileReference; lastKnownFileType = audio.mp3; path = E1_2.mp3; sourceTree = "<group>"; };
		0F6A734D167DA520008A35AF /* E1_4.mp3 */ = {isa = PBXFileReference; lastKnownFileType = audio.mp3; path = E1_4.mp3; sourceTree = "<group>"; };
		0F6A734E167DA520008A35AF /* E1_8.mp3 */ = {isa = PBXFileReference; lastKnownFileType = audio.mp3; path = E1_8.mp3; sourceTree = "<group>"; };
		0F6A734F167DA520008A35AF /* E2.mp3 */ = {isa = PBXFileReference; lastKnownFileType = audio.mp3; path = E2.mp3; sourceTree = "<group>"; };
		0F6A7350167DA520008A35AF /* E2_2.mp3 */ = {isa = PBXFileReference; lastKnownFileType = audio.mp3; path = E2_2.mp3; sourceTree = "<group>"; };
		0F6A7351167DA520008A35AF /* E2_4.mp3 */ = {isa = PBXFileReference; lastKnownFileType = audio.mp3; path = E2_4.mp3; sourceTree = "<group>"; };
		0F6A7352167DA520008A35AF /* E2_8.mp3 */ = {isa = PBXFileReference; lastKnownFileType = audio.mp3; path = E2_8.mp3; sourceTree = "<group>"; };
		0F6A7353167DA520008A35AF /* E3.mp3 */ = {isa = PBXFileReference; lastKnownFileType = audio.mp3; path = E3.mp3; sourceTree = "<group>"; };
		0F6A7354167DA520008A35AF /* E3_2.mp3 */ = {isa = PBXFileReference; lastKnownFileType = audio.mp3; path = E3_2.mp3; sourceTree = "<group>"; };
		0F6A7355167DA520008A35AF /* E3_4.mp3 */ = {isa = PBXFileReference; lastKnownFileType = audio.mp3; path = E3_4.mp3; sourceTree = "<group>"; };
		0F6A7356167DA520008A35AF /* E3_8.mp3 */ = {isa = PBXFileReference; lastKnownFileType = audio.mp3; path = E3_8.mp3; sourceTree = "<group>"; };
		0F6A7357167DA520008A35AF /* F1.mp3 */ = {isa = PBXFileReference; lastKnownFileType = audio.mp3; path = F1.mp3; sourceTree = "<group>"; };
		0F6A7358167DA520008A35AF /* F1_2.mp3 */ = {isa = PBXFileReference; lastKnownFileType = audio.mp3; path = F1_2.mp3; sourceTree = "<group>"; };
		0F6A7359167DA520008A35AF /* F1_4.mp3 */ = {isa = PBXFileReference; lastKnownFileType = audio.mp3; path = F1_4.mp3; sourceTree = "<group>"; };
		0F6A735A167DA520008A35AF /* F1_8.mp3 */ = {isa = PBXFileReference; lastKnownFileType = audio.mp3; path = F1_8.mp3; sourceTree = "<group>"; };
		0F6A735B167DA520008A35AF /* F2.mp3 */ = {isa = PBXFileReference; lastKnownFileType = audio.mp3; path = F2.mp3; sourceTree = "<group>"; };
		0F6A735C167DA520008A35AF /* F2_2.mp3 */ = {isa = PBXFileReference; lastKnownFileType = audio.mp3; path = F2_2.mp3; sourceTree = "<group>"; };
		0F6A735D167DA520008A35AF /* F2_4.mp3 */ = {isa = PBXFileReference; lastKnownFileType = audio.mp3; path = F2_4.mp3; sourceTree = "<group>"; };
		0F6A735E167DA520008A35AF /* F2_8.mp3 */ = {isa = PBXFileReference; lastKnownFileType = audio.mp3; path = F2_8.mp3; sourceTree = "<group>"; };
		0F6A735F167DA520008A35AF /* F3.mp3 */ = {isa = PBXFileReference; lastKnownFileType = audio.mp3; path = F3.mp3; sourceTree = "<group>"; };
		0F6A7360167DA520008A35AF /* F3_2.mp3 */ = {isa = PBXFileReference; lastKnownFileType = audio.mp3; path = F3_2.mp3; sourceTree = "<group>"; };
		0F6A7361167DA520008A35AF /* F3_4.mp3 */ = {isa = PBXFileReference; lastKnownFileType = audio.mp3; path = F3_4.mp3; sourceTree = "<group>"; };
		0F6A7362167DA520008A35AF /* F3_8.mp3 */ = {isa = PBXFileReference; lastKnownFileType = audio.mp3; path = F3_8.mp3; sourceTree = "<group>"; };
		0F6A7363167DA520008A35AF /* G1.mp3 */ = {isa = PBXFileReference; lastKnownFileType = audio.mp3; path = G1.mp3; sourceTree = "<group>"; };
		0F6A7364167DA520008A35AF /* G1_2.mp3 */ = {isa = PBXFileReference; lastKnownFileType = audio.mp3; path = G1_2.mp3; sourceTree = "<group>"; };
		0F6A7365167DA520008A35AF /* G1_4.mp3 */ = {isa = PBXFileReference; lastKnownFileType = audio.mp3; path = G1_4.mp3; sourceTree = "<group>"; };
		0F6A7366167DA520008A35AF /* G1_8.mp3 */ = {isa = PBXFileReference; lastKnownFileType = audio.mp3; path = G1_8.mp3; sourceTree = "<group>"; };
		0F6A7367167DA520008A35AF /* G2.mp3 */ = {isa = PBXFileReference; lastKnownFileType = audio.mp3; path = G2.mp3; sourceTree = "<group>"; };
		0F6A7368167DA520008A35AF /* G2_2.mp3 */ = {isa = PBXFileReference; lastKnownFileType = audio.mp3; path = G2_2.mp3; sourceTree = "<group>"; };
		0F6A7369167DA520008A35AF /* G2_4.mp3 */ = {isa = PBXFileReference; lastKnownFileType = audio.mp3; path = G2_4.mp3; sourceTree = "<group>"; };
		0F6A736A167DA520008A35AF /* G2_8.mp3 */ = {isa = PBXFileReference; lastKnownFileType = audio.mp3; path = G2_8.mp3; sourceTree = "<group>"; };
		0F6A736B167DA520008A35AF /* rest.mp3 */ = {isa = PBXFileReference; lastKnownFileType = audio.mp3; path = rest.mp3; sourceTree = "<group>"; };
		0F6A736C167DA520008A35AF /* rest_2.mp3 */ = {isa = PBXFileReference; lastKnownFileType = audio.mp3; path = rest_2.mp3; sourceTree = "<group>"; };
		0F6A736D167DA520008A35AF /* rest_4.mp3 */ = {isa = PBXFileReference; lastKnownFileType = audio.mp3; path = rest_4.mp3; sourceTree = "<group>"; };
		0F6A736E167DA520008A35AF /* rest_8.mp3 */ = {isa = PBXFileReference; lastKnownFileType = audio.mp3; path = rest_8.mp3; sourceTree = "<group>"; };
		0F78D098168B2E7D002CD841 /* 哥哥爸爸真偉大.mp3 */ = {isa = PBXFileReference; lastKnownFileType = audio.mp3; path = "哥哥爸爸真偉大.mp3"; sourceTree = "<group>"; };
		0F78D099168B2E7D002CD841 /* 天黑黑.mp3 */ = {isa = PBXFileReference; lastKnownFileType = audio.mp3; path = "天黑黑.mp3"; sourceTree = "<group>"; };
		0F78D09A168B2E7D002CD841 /* 小星星.mp3 */ = {isa = PBXFileReference; lastKnownFileType = audio.mp3; path = "小星星.mp3"; sourceTree = "<group>"; };
		0F78D09B168B2E7D002CD841 /* 小蜜蜂.mp3 */ = {isa = PBXFileReference; lastKnownFileType = audio.mp3; path = "小蜜蜂.mp3"; sourceTree = "<group>"; };
		0F78D09C168B2E7D002CD841 /* 我有一隻小毛驢.mp3 */ = {isa = PBXFileReference; lastKnownFileType = audio.mp3; path = "我有一隻小毛驢.mp3"; sourceTree = "<group>"; };
		0F78D09D168B2E7D002CD841 /* 捉泥鰍.mp3 */ = {isa = PBXFileReference; lastKnownFileType = audio.mp3; path = "捉泥鰍.mp3"; sourceTree = "<group>"; };
		0F78D09E168B2E7D002CD841 /* 瑪麗有隻小綿羊.mp3 */ = {isa = PBXFileReference; lastKnownFileType = audio.mp3; path = "瑪麗有隻小綿羊.mp3"; sourceTree = "<group>"; };
		0FA19BD616798EFF0050A449 /* GESoundManager.h */ = {isa = PBXFileReference; lastKnownFileType = sourcecode.c.h; path = GESoundManager.h; sourceTree = "<group>"; };
		0FA19BD716798EFF0050A449 /* GESoundManager.m */ = {isa = PBXFileReference; lastKnownFileType = sourcecode.c.objc; path = GESoundManager.m; sourceTree = "<group>"; };
		54028AFD1673BB43003F997C /* GENote.h */ = {isa = PBXFileReference; fileEncoding = 4; lastKnownFileType = sourcecode.c.h; path = GENote.h; sourceTree = "<group>"; };
		54028AFE1673BB43003F997C /* GENote.m */ = {isa = PBXFileReference; fileEncoding = 4; lastKnownFileType = sourcecode.c.objc; path = GENote.m; sourceTree = "<group>"; };
		54045D301681AFB300C57821 /* staff_back.png */ = {isa = PBXFileReference; lastKnownFileType = image.png; path = staff_back.png; sourceTree = "<group>"; };
		54045D331681E83E00C57821 /* QuartzCore.framework */ = {isa = PBXFileReference; lastKnownFileType = wrapper.framework; name = QuartzCore.framework; path = System/Library/Frameworks/QuartzCore.framework; sourceTree = SDKROOT; };
		54045D3C1681F7BB00C57821 /* back_button.png */ = {isa = PBXFileReference; lastKnownFileType = image.png; path = back_button.png; sourceTree = "<group>"; };
		54045D3E1682190800C57821 /* Treble_Clef.png */ = {isa = PBXFileReference; lastKnownFileType = image.png; path = Treble_Clef.png; sourceTree = "<group>"; };
		54045D401682208700C57821 /* play_icon.png */ = {isa = PBXFileReference; lastKnownFileType = image.png; path = play_icon.png; sourceTree = "<group>"; };
		54045D411682208700C57821 /* submit_icon.png */ = {isa = PBXFileReference; lastKnownFileType = image.png; path = submit_icon.png; sourceTree = "<group>"; };
		54045D461682292600C57821 /* dash.png */ = {isa = PBXFileReference; lastKnownFileType = image.png; path = dash.png; sourceTree = "<group>"; };
		54045D4C1682540000C57821 /* play_with_text.png */ = {isa = PBXFileReference; lastKnownFileType = image.png; path = play_with_text.png; sourceTree = "<group>"; };
		54045D4D1682540000C57821 /* submit_with_text.png */ = {isa = PBXFileReference; lastKnownFileType = image.png; path = submit_with_text.png; sourceTree = "<group>"; };
		54045D51168255E700C57821 /* GEResult.h */ = {isa = PBXFileReference; fileEncoding = 4; lastKnownFileType = sourcecode.c.h; path = GEResult.h; sourceTree = "<group>"; };
		54045D52168255E700C57821 /* GEResult.m */ = {isa = PBXFileReference; fileEncoding = 4; lastKnownFileType = sourcecode.c.objc; path = GEResult.m; sourceTree = "<group>"; };
		54045D541682608200C57821 /* GEFailedView.h */ = {isa = PBXFileReference; fileEncoding = 4; lastKnownFileType = sourcecode.c.h; path = GEFailedView.h; sourceTree = "<group>"; };
		54045D551682608300C57821 /* GEFailedView.m */ = {isa = PBXFileReference; fileEncoding = 4; lastKnownFileType = sourcecode.c.objc; path = GEFailedView.m; sourceTree = "<group>"; };
		54045D571682647800C57821 /* failed_view.png */ = {isa = PBXFileReference; lastKnownFileType = image.png; path = failed_view.png; sourceTree = "<group>"; };
		54045D7C16826A7300C57821 /* back_button_pressed.png */ = {isa = PBXFileReference; lastKnownFileType = image.png; path = back_button_pressed.png; sourceTree = "<group>"; };
		54045D7D16826A7300C57821 /* submit_with_text_pressed.png */ = {isa = PBXFileReference; lastKnownFileType = image.png; path = submit_with_text_pressed.png; sourceTree = "<group>"; };
		54045D7E16826A7300C57821 /* play_with_text_pressed.png */ = {isa = PBXFileReference; lastKnownFileType = image.png; path = play_with_text_pressed.png; sourceTree = "<group>"; };
		54045D871682708300C57821 /* SCWaveAnimationView.h */ = {isa = PBXFileReference; fileEncoding = 4; lastKnownFileType = sourcecode.c.h; path = SCWaveAnimationView.h; sourceTree = "<group>"; };
		54045D881682708300C57821 /* SCWaveAnimationView.m */ = {isa = PBXFileReference; fileEncoding = 4; lastKnownFileType = sourcecode.c.objc; path = SCWaveAnimationView.m; sourceTree = "<group>"; };
		54045D8E168289AF00C57821 /* success.png */ = {isa = PBXFileReference; lastKnownFileType = image.png; path = success.png; sourceTree = "<group>"; };
		54094117168B41C9007CDB47 /* submit_button_3d_press.png */ = {isa = PBXFileReference; lastKnownFileType = image.png; path = submit_button_3d_press.png; sourceTree = "<group>"; };
		54094118168B41C9007CDB47 /* submit_button_3d.png */ = {isa = PBXFileReference; lastKnownFileType = image.png; path = submit_button_3d.png; sourceTree = "<group>"; };
		54094119168B41C9007CDB47 /* back_button_3d_press.png */ = {isa = PBXFileReference; lastKnownFileType = image.png; path = back_button_3d_press.png; sourceTree = "<group>"; };
		5409411A168B41C9007CDB47 /* play_button_3d_press.png */ = {isa = PBXFileReference; lastKnownFileType = image.png; path = play_button_3d_press.png; sourceTree = "<group>"; };
		5409411B168B41C9007CDB47 /* play_button_3d.png */ = {isa = PBXFileReference; lastKnownFileType = image.png; path = play_button_3d.png; sourceTree = "<group>"; };
		5409411C168B41C9007CDB47 /* back_button_3d.png */ = {isa = PBXFileReference; lastKnownFileType = image.png; path = back_button_3d.png; sourceTree = "<group>"; };
		54094124168B42C2007CDB47 /* back_button_3d_press-2.png */ = {isa = PBXFileReference; lastKnownFileType = image.png; path = "back_button_3d_press-2.png"; sourceTree = "<group>"; };
		542B1F41167F924A004F4B89 /* GEStaff.h */ = {isa = PBXFileReference; fileEncoding = 4; lastKnownFileType = sourcecode.c.h; path = GEStaff.h; sourceTree = "<group>"; };
		542B1F42167F924B004F4B89 /* GEStaff.m */ = {isa = PBXFileReference; fileEncoding = 4; lastKnownFileType = sourcecode.c.objc; path = GEStaff.m; sourceTree = "<group>"; };
		542B1F45167F9613004F4B89 /* line.png */ = {isa = PBXFileReference; lastKnownFileType = image.png; path = line.png; sourceTree = "<group>"; };
		542B1F4716801B43004F4B89 /* GECalculateHelper.h */ = {isa = PBXFileReference; fileEncoding = 4; lastKnownFileType = sourcecode.c.h; path = GECalculateHelper.h; sourceTree = "<group>"; };
		542B1F4816801B43004F4B89 /* GECalculateHelper.m */ = {isa = PBXFileReference; fileEncoding = 4; lastKnownFileType = sourcecode.c.objc; path = GECalculateHelper.m; sourceTree = "<group>"; };
		54D6A4201686174A00A01E62 /* staff_line.png */ = {isa = PBXFileReference; lastKnownFileType = image.png; path = staff_line.png; sourceTree = "<group>"; };
		54D6A42316861D4800A01E62 /* back_button-3.png */ = {isa = PBXFileReference; lastKnownFileType = image.png; path = "back_button-3.png"; sourceTree = "<group>"; };
		54D6A42416861D4800A01E62 /* back_button-2.png */ = {isa = PBXFileReference; lastKnownFileType = image.png; path = "back_button-2.png"; sourceTree = "<group>"; };
		54D6A42716861F8F00A01E62 /* back_button-4.png */ = {isa = PBXFileReference; lastKnownFileType = image.png; path = "back_button-4.png"; sourceTree = "<group>"; };
		900C908816805D2800FCF207 /* songs.plist */ = {isa = PBXFileReference; fileEncoding = 4; lastKnownFileType = text.plist.xml; name = songs.plist; path = ../../gene/gene/songs.plist; sourceTree = "<group>"; };
		900C908E1680940300FCF207 /* Icon-72@2x.png */ = {isa = PBXFileReference; lastKnownFileType = image.png; name = "Icon-72@2x.png"; path = "../Icon-72@2x.png"; sourceTree = "<group>"; };
		900C90901680942200FCF207 /* Icon-72.png */ = {isa = PBXFileReference; lastKnownFileType = image.png; name = "Icon-72.png"; path = "../Icon-72.png"; sourceTree = "<group>"; };
		900C90981680AC7900FCF207 /* stick.png */ = {isa = PBXFileReference; lastKnownFileType = image.png; path = stick.png; sourceTree = "<group>"; };
		902FE21116822E70000783DB /* arrow.png */ = {isa = PBXFileReference; lastKnownFileType = image.png; path = arrow.png; sourceTree = "<group>"; };
		902FE21F1682666E000783DB /* roulette.png */ = {isa = PBXFileReference; lastKnownFileType = image.png; path = roulette.png; sourceTree = "<group>"; };
		90362DBC167604B400B65AAC /* GEDragToPlayView.h */ = {isa = PBXFileReference; fileEncoding = 4; lastKnownFileType = sourcecode.c.h; path = GEDragToPlayView.h; sourceTree = "<group>"; };
		90362DBD167604B400B65AAC /* GEDragToPlayView.m */ = {isa = PBXFileReference; fileEncoding = 4; lastKnownFileType = sourcecode.c.objc; path = GEDragToPlayView.m; sourceTree = "<group>"; };
		9055BC481670845D0050E3A2 /* 積音.app */ = {isa = PBXFileReference; explicitFileType = wrapper.application; includeInIndex = 0; path = "積音.app"; sourceTree = BUILT_PRODUCTS_DIR; };
		9055BC4C1670845D0050E3A2 /* UIKit.framework */ = {isa = PBXFileReference; lastKnownFileType = wrapper.framework; name = UIKit.framework; path = System/Library/Frameworks/UIKit.framework; sourceTree = SDKROOT; };
		9055BC4E1670845D0050E3A2 /* Foundation.framework */ = {isa = PBXFileReference; lastKnownFileType = wrapper.framework; name = Foundation.framework; path = System/Library/Frameworks/Foundation.framework; sourceTree = SDKROOT; };
		9055BC501670845D0050E3A2 /* CoreGraphics.framework */ = {isa = PBXFileReference; lastKnownFileType = wrapper.framework; name = CoreGraphics.framework; path = System/Library/Frameworks/CoreGraphics.framework; sourceTree = SDKROOT; };
		9055BC541670845D0050E3A2 /* gene-Info.plist */ = {isa = PBXFileReference; lastKnownFileType = text.plist.xml; path = "gene-Info.plist"; sourceTree = "<group>"; };
		9055BC561670845D0050E3A2 /* en */ = {isa = PBXFileReference; lastKnownFileType = text.plist.strings; name = en; path = en.lproj/InfoPlist.strings; sourceTree = "<group>"; };
		9055BC581670845D0050E3A2 /* main.m */ = {isa = PBXFileReference; lastKnownFileType = sourcecode.c.objc; path = main.m; sourceTree = "<group>"; };
		9055BC5A1670845D0050E3A2 /* gene-Prefix.pch */ = {isa = PBXFileReference; lastKnownFileType = sourcecode.c.h; path = "gene-Prefix.pch"; sourceTree = "<group>"; };
		9055BC5B1670845D0050E3A2 /* GEAppDelegate.h */ = {isa = PBXFileReference; lastKnownFileType = sourcecode.c.h; path = GEAppDelegate.h; sourceTree = "<group>"; };
		9055BC5C1670845D0050E3A2 /* GEAppDelegate.m */ = {isa = PBXFileReference; lastKnownFileType = sourcecode.c.objc; path = GEAppDelegate.m; sourceTree = "<group>"; };
		9055BC5E1670845D0050E3A2 /* Default.png */ = {isa = PBXFileReference; lastKnownFileType = image.png; path = Default.png; sourceTree = "<group>"; };
		9055BC601670845D0050E3A2 /* Default@2x.png */ = {isa = PBXFileReference; lastKnownFileType = image.png; path = "Default@2x.png"; sourceTree = "<group>"; };
		9055BC621670845D0050E3A2 /* Default-568h@2x.png */ = {isa = PBXFileReference; lastKnownFileType = image.png; path = "Default-568h@2x.png"; sourceTree = "<group>"; };
		9055BC651670845D0050E3A2 /* en */ = {isa = PBXFileReference; lastKnownFileType = file.storyboard; name = en; path = en.lproj/MainStoryboard.storyboard; sourceTree = "<group>"; };
		90613248168224E900D76DBE /* index.png */ = {isa = PBXFileReference; lastKnownFileType = image.png; path = index.png; sourceTree = "<group>"; };
		9076FA34167CF1BC00A472E1 /* AVFoundation.framework */ = {isa = PBXFileReference; lastKnownFileType = wrapper.framework; name = AVFoundation.framework; path = System/Library/Frameworks/AVFoundation.framework; sourceTree = SDKROOT; };
		90A8FEFE168B3FEE002691AC /* Default-Landscape~ipad.png */ = {isa = PBXFileReference; lastKnownFileType = image.png; path = "Default-Landscape~ipad.png"; sourceTree = "<group>"; };
		90A8FF01168B3FFD002691AC /* Default-Landscape@2x~ipad.png */ = {isa = PBXFileReference; lastKnownFileType = image.png; path = "Default-Landscape@2x~ipad.png"; sourceTree = "<group>"; };
		90A8FF03168B4100002691AC /* background.png */ = {isa = PBXFileReference; lastKnownFileType = image.png; path = background.png; sourceTree = "<group>"; };
		90CA104F1672FF8600584DE9 /* music_staff.png */ = {isa = PBXFileReference; lastKnownFileType = image.png; path = music_staff.png; sourceTree = "<group>"; };
		90CA10511673009F00584DE9 /* GEComposeViewController.h */ = {isa = PBXFileReference; fileEncoding = 4; lastKnownFileType = sourcecode.c.h; path = GEComposeViewController.h; sourceTree = "<group>"; };
		90CA10521673009F00584DE9 /* GEComposeViewController.m */ = {isa = PBXFileReference; fileEncoding = 4; lastKnownFileType = sourcecode.c.objc; path = GEComposeViewController.m; sourceTree = "<group>"; };
		90DB132F168AE559005BE324 /* finger.png */ = {isa = PBXFileReference; lastKnownFileType = image.png; path = finger.png; sourceTree = "<group>"; };
/* End PBXFileReference section */

/* Begin PBXFrameworksBuildPhase section */
		9055BC451670845D0050E3A2 /* Frameworks */ = {
			isa = PBXFrameworksBuildPhase;
			buildActionMask = 2147483647;
			files = (
				54045D341681E83E00C57821 /* QuartzCore.framework in Frameworks */,
				9076FA35167CF1BC00A472E1 /* AVFoundation.framework in Frameworks */,
				9055BC4D1670845D0050E3A2 /* UIKit.framework in Frameworks */,
				9055BC4F1670845D0050E3A2 /* Foundation.framework in Frameworks */,
				9055BC511670845D0050E3A2 /* CoreGraphics.framework in Frameworks */,
			);
			runOnlyForDeploymentPostprocessing = 0;
		};
/* End PBXFrameworksBuildPhase section */

/* Begin PBXGroup section */
		0F6A7322167DA520008A35AF /* Piano */ = {
			isa = PBXGroup;
			children = (
				0F78D098168B2E7D002CD841 /* 哥哥爸爸真偉大.mp3 */,
				0F78D099168B2E7D002CD841 /* 天黑黑.mp3 */,
				0F78D09A168B2E7D002CD841 /* 小星星.mp3 */,
				0F78D09B168B2E7D002CD841 /* 小蜜蜂.mp3 */,
				0F78D09C168B2E7D002CD841 /* 我有一隻小毛驢.mp3 */,
				0F78D09D168B2E7D002CD841 /* 捉泥鰍.mp3 */,
				0F78D09E168B2E7D002CD841 /* 瑪麗有隻小綿羊.mp3 */,
				0F6A7323167DA520008A35AF /* A1.mp3 */,
				0F6A7324167DA520008A35AF /* A1_2.mp3 */,
				0F6A7325167DA520008A35AF /* A1_4.mp3 */,
				0F6A7326167DA520008A35AF /* A1_8.mp3 */,
				0F6A7327167DA520008A35AF /* A2.mp3 */,
				0F6A7328167DA520008A35AF /* A2_2.mp3 */,
				0F6A7329167DA520008A35AF /* A2_4.mp3 */,
				0F6A732A167DA520008A35AF /* A2_8.mp3 */,
				0F6A732B167DA520008A35AF /* B1.mp3 */,
				0F6A732C167DA520008A35AF /* B1_2.mp3 */,
				0F6A732D167DA520008A35AF /* B1_4.mp3 */,
				0F6A732E167DA520008A35AF /* B1_8.mp3 */,
				0F6A732F167DA520008A35AF /* B2.mp3 */,
				0F6A7330167DA520008A35AF /* B2_2.mp3 */,
				0F6A7331167DA520008A35AF /* B2_4.mp3 */,
				0F6A7332167DA520008A35AF /* B2_8.mp3 */,
				0F6A7333167DA520008A35AF /* C1.mp3 */,
				0F6A7334167DA520008A35AF /* C1_2.mp3 */,
				0F6A7335167DA520008A35AF /* C1_4.mp3 */,
				0F6A7336167DA520008A35AF /* C1_8.mp3 */,
				0F6A7337167DA520008A35AF /* C2.mp3 */,
				0F6A7338167DA520008A35AF /* C2_2.mp3 */,
				0F6A7339167DA520008A35AF /* C2_4.mp3 */,
				0F6A733A167DA520008A35AF /* C2_8.mp3 */,
				0F6A733B167DA520008A35AF /* C3.mp3 */,
				0F6A733C167DA520008A35AF /* C3_2.mp3 */,
				0F6A733D167DA520008A35AF /* C3_4.mp3 */,
				0F6A733E167DA520008A35AF /* C3_8.mp3 */,
				0F6A733F167DA520008A35AF /* D1.mp3 */,
				0F6A7340167DA520008A35AF /* D1_2.mp3 */,
				0F6A7341167DA520008A35AF /* D1_4.mp3 */,
				0F6A7342167DA520008A35AF /* D1_8.mp3 */,
				0F6A7343167DA520008A35AF /* D2.mp3 */,
				0F6A7344167DA520008A35AF /* D2_2.mp3 */,
				0F6A7345167DA520008A35AF /* D2_4.mp3 */,
				0F6A7346167DA520008A35AF /* D2_8.mp3 */,
				0F6A7347167DA520008A35AF /* D3.mp3 */,
				0F6A7348167DA520008A35AF /* D3_2.mp3 */,
				0F6A7349167DA520008A35AF /* D3_4.mp3 */,
				0F6A734A167DA520008A35AF /* D3_8.mp3 */,
				0F6A734B167DA520008A35AF /* E1.mp3 */,
				0F6A734C167DA520008A35AF /* E1_2.mp3 */,
				0F6A734D167DA520008A35AF /* E1_4.mp3 */,
				0F6A734E167DA520008A35AF /* E1_8.mp3 */,
				0F6A734F167DA520008A35AF /* E2.mp3 */,
				0F6A7350167DA520008A35AF /* E2_2.mp3 */,
				0F6A7351167DA520008A35AF /* E2_4.mp3 */,
				0F6A7352167DA520008A35AF /* E2_8.mp3 */,
				0F6A7353167DA520008A35AF /* E3.mp3 */,
				0F6A7354167DA520008A35AF /* E3_2.mp3 */,
				0F6A7355167DA520008A35AF /* E3_4.mp3 */,
				0F6A7356167DA520008A35AF /* E3_8.mp3 */,
				0F6A7357167DA520008A35AF /* F1.mp3 */,
				0F6A7358167DA520008A35AF /* F1_2.mp3 */,
				0F6A7359167DA520008A35AF /* F1_4.mp3 */,
				0F6A735A167DA520008A35AF /* F1_8.mp3 */,
				0F6A735B167DA520008A35AF /* F2.mp3 */,
				0F6A735C167DA520008A35AF /* F2_2.mp3 */,
				0F6A735D167DA520008A35AF /* F2_4.mp3 */,
				0F6A735E167DA520008A35AF /* F2_8.mp3 */,
				0F6A735F167DA520008A35AF /* F3.mp3 */,
				0F6A7360167DA520008A35AF /* F3_2.mp3 */,
				0F6A7361167DA520008A35AF /* F3_4.mp3 */,
				0F6A7362167DA520008A35AF /* F3_8.mp3 */,
				0F6A7363167DA520008A35AF /* G1.mp3 */,
				0F6A7364167DA520008A35AF /* G1_2.mp3 */,
				0F6A7365167DA520008A35AF /* G1_4.mp3 */,
				0F6A7366167DA520008A35AF /* G1_8.mp3 */,
				0F6A7367167DA520008A35AF /* G2.mp3 */,
				0F6A7368167DA520008A35AF /* G2_2.mp3 */,
				0F6A7369167DA520008A35AF /* G2_4.mp3 */,
				0F6A736A167DA520008A35AF /* G2_8.mp3 */,
				0F6A736B167DA520008A35AF /* rest.mp3 */,
				0F6A736C167DA520008A35AF /* rest_2.mp3 */,
				0F6A736D167DA520008A35AF /* rest_4.mp3 */,
				0F6A736E167DA520008A35AF /* rest_8.mp3 */,
			);
			path = Piano;
			sourceTree = "<group>";
		};
		54045D861682706200C57821 /* library */ = {
			isa = PBXGroup;
			children = (
				54045D871682708300C57821 /* SCWaveAnimationView.h */,
				54045D881682708300C57821 /* SCWaveAnimationView.m */,
			);
			name = library;
			sourceTree = "<group>";
		};
		9055BC3D1670845D0050E3A2 = {
			isa = PBXGroup;
			children = (
				90A8FF01168B3FFD002691AC /* Default-Landscape@2x~ipad.png */,
				90A8FEFE168B3FEE002691AC /* Default-Landscape~ipad.png */,
				9055BC521670845D0050E3A2 /* gene */,
				9055BC4B1670845D0050E3A2 /* Frameworks */,
				9055BC491670845D0050E3A2 /* Products */,
			);
			sourceTree = "<group>";
		};
		9055BC491670845D0050E3A2 /* Products */ = {
			isa = PBXGroup;
			children = (
				9055BC481670845D0050E3A2 /* 積音.app */,
			);
			name = Products;
			sourceTree = "<group>";
		};
		9055BC4B1670845D0050E3A2 /* Frameworks */ = {
			isa = PBXGroup;
			children = (
				54045D331681E83E00C57821 /* QuartzCore.framework */,
				9076FA34167CF1BC00A472E1 /* AVFoundation.framework */,
				9055BC4C1670845D0050E3A2 /* UIKit.framework */,
				9055BC4E1670845D0050E3A2 /* Foundation.framework */,
				9055BC501670845D0050E3A2 /* CoreGraphics.framework */,
			);
			name = Frameworks;
			sourceTree = "<group>";
		};
		9055BC521670845D0050E3A2 /* gene */ = {
			isa = PBXGroup;
			children = (
				54045D861682706200C57821 /* library */,
				90CA104E1672FF6A00584DE9 /* resources */,
				9055BC5B1670845D0050E3A2 /* GEAppDelegate.h */,
				9055BC5C1670845D0050E3A2 /* GEAppDelegate.m */,
				9055BC641670845D0050E3A2 /* MainStoryboard.storyboard */,
				90CA10511673009F00584DE9 /* GEComposeViewController.h */,
				90CA10521673009F00584DE9 /* GEComposeViewController.m */,
				54028AFD1673BB43003F997C /* GENote.h */,
				54028AFE1673BB43003F997C /* GENote.m */,
				0FA19BD616798EFF0050A449 /* GESoundManager.h */,
				0FA19BD716798EFF0050A449 /* GESoundManager.m */,
				542B1F41167F924A004F4B89 /* GEStaff.h */,
				542B1F42167F924B004F4B89 /* GEStaff.m */,
				542B1F4716801B43004F4B89 /* GECalculateHelper.h */,
				542B1F4816801B43004F4B89 /* GECalculateHelper.m */,
				90362DBC167604B400B65AAC /* GEDragToPlayView.h */,
				90362DBD167604B400B65AAC /* GEDragToPlayView.m */,
				54045D51168255E700C57821 /* GEResult.h */,
				54045D52168255E700C57821 /* GEResult.m */,
				54045D541682608200C57821 /* GEFailedView.h */,
				54045D551682608300C57821 /* GEFailedView.m */,
				9055BC531670845D0050E3A2 /* Supporting Files */,
			);
			path = gene;
			sourceTree = "<group>";
		};
		9055BC531670845D0050E3A2 /* Supporting Files */ = {
			isa = PBXGroup;
			children = (
				900C90901680942200FCF207 /* Icon-72.png */,
				900C908E1680940300FCF207 /* Icon-72@2x.png */,
				9055BC541670845D0050E3A2 /* gene-Info.plist */,
				9055BC551670845D0050E3A2 /* InfoPlist.strings */,
				9055BC581670845D0050E3A2 /* main.m */,
				9055BC5A1670845D0050E3A2 /* gene-Prefix.pch */,
				9055BC5E1670845D0050E3A2 /* Default.png */,
				9055BC601670845D0050E3A2 /* Default@2x.png */,
				9055BC621670845D0050E3A2 /* Default-568h@2x.png */,
			);
			name = "Supporting Files";
			sourceTree = "<group>";
		};
		90CA104C1672FF5C00584DE9 /* img */ = {
			isa = PBXGroup;
			children = (
				54094124168B42C2007CDB47 /* back_button_3d_press-2.png */,
				54094117168B41C9007CDB47 /* submit_button_3d_press.png */,
				54094118168B41C9007CDB47 /* submit_button_3d.png */,
				54094119168B41C9007CDB47 /* back_button_3d_press.png */,
				5409411A168B41C9007CDB47 /* play_button_3d_press.png */,
				5409411B168B41C9007CDB47 /* play_button_3d.png */,
				5409411C168B41C9007CDB47 /* back_button_3d.png */,
				902FE21116822E70000783DB /* arrow.png */,
				54045D3C1681F7BB00C57821 /* back_button.png */,
				54D6A42716861F8F00A01E62 /* back_button-4.png */,
				54D6A42316861D4800A01E62 /* back_button-3.png */,
				54D6A42416861D4800A01E62 /* back_button-2.png */,
				54D6A4201686174A00A01E62 /* staff_line.png */,
				54045D8E168289AF00C57821 /* success.png */,
				54045D7C16826A7300C57821 /* back_button_pressed.png */,
				54045D461682292600C57821 /* dash.png */,
				54045D571682647800C57821 /* failed_view.png */,
				90613248168224E900D76DBE /* index.png */,
				542B1F45167F9613004F4B89 /* line.png */,
				90DB132F168AE559005BE324 /* finger.png */,
				90CA104F1672FF8600584DE9 /* music_staff.png */,
				54045D401682208700C57821 /* play_icon.png */,
				54045D4C1682540000C57821 /* play_with_text.png */,
				54045D7E16826A7300C57821 /* play_with_text_pressed.png */,
				902FE21F1682666E000783DB /* roulette.png */,
				54045D301681AFB300C57821 /* staff_back.png */,
				900C90981680AC7900FCF207 /* stick.png */,
				54045D411682208700C57821 /* submit_icon.png */,
				54045D4D1682540000C57821 /* submit_with_text.png */,
				54045D7D16826A7300C57821 /* submit_with_text_pressed.png */,
				54045D8E168289AF00C57821 /* success.png */,
				54045D3E1682190800C57821 /* Treble_Clef.png */,
			);
			name = img;
			sourceTree = "<group>";
		};
		90CA104E1672FF6A00584DE9 /* resources */ = {
			isa = PBXGroup;
			children = (
				0F6A7322167DA520008A35AF /* Piano */,
				90CA104C1672FF5C00584DE9 /* img */,
				900C908816805D2800FCF207 /* songs.plist */,
			);
			name = resources;
			sourceTree = "<group>";
		};
/* End PBXGroup section */

/* Begin PBXNativeTarget section */
		9055BC471670845D0050E3A2 /* gene */ = {
			isa = PBXNativeTarget;
			buildConfigurationList = 9055BC6C1670845D0050E3A2 /* Build configuration list for PBXNativeTarget "gene" */;
			buildPhases = (
				9055BC441670845D0050E3A2 /* Sources */,
				9055BC451670845D0050E3A2 /* Frameworks */,
				9055BC461670845D0050E3A2 /* Resources */,
			);
			buildRules = (
			);
			dependencies = (
			);
			name = gene;
			productName = gene;
			productReference = 9055BC481670845D0050E3A2 /* 積音.app */;
			productType = "com.apple.product-type.application";
		};
/* End PBXNativeTarget section */

/* Begin PBXProject section */
		9055BC3F1670845D0050E3A2 /* Project object */ = {
			isa = PBXProject;
			attributes = {
				CLASSPREFIX = GE;
				LastUpgradeCheck = 0450;
				ORGANIZATIONNAME = "An-Ruei-Che";
			};
			buildConfigurationList = 9055BC421670845D0050E3A2 /* Build configuration list for PBXProject "gene" */;
			compatibilityVersion = "Xcode 3.2";
			developmentRegion = English;
			hasScannedForEncodings = 0;
			knownRegions = (
				en,
			);
			mainGroup = 9055BC3D1670845D0050E3A2;
			productRefGroup = 9055BC491670845D0050E3A2 /* Products */;
			projectDirPath = "";
			projectRoot = "";
			targets = (
				9055BC471670845D0050E3A2 /* gene */,
			);
		};
/* End PBXProject section */

/* Begin PBXResourcesBuildPhase section */
		9055BC461670845D0050E3A2 /* Resources */ = {
			isa = PBXResourcesBuildPhase;
			buildActionMask = 2147483647;
			files = (
				0FF2289C168B360C0000ACFA /* 哥哥爸爸真偉大.mp3 in Resources */,
				0FF2289D168B360C0000ACFA /* 天黑黑.mp3 in Resources */,
				0FF2289E168B360C0000ACFA /* 小星星.mp3 in Resources */,
				0FF2289F168B360C0000ACFA /* 小蜜蜂.mp3 in Resources */,
				0FF228A0168B360C0000ACFA /* 我有一隻小毛驢.mp3 in Resources */,
				0FF228A1168B360C0000ACFA /* 捉泥鰍.mp3 in Resources */,
				0FF228A2168B360C0000ACFA /* 瑪麗有隻小綿羊.mp3 in Resources */,
				0F29F1571682475600E81811 /* A1.mp3 in Resources */,
				0F29F1581682475600E81811 /* A1_2.mp3 in Resources */,
				0F29F1591682475600E81811 /* A1_4.mp3 in Resources */,
				0F29F15A1682475600E81811 /* A1_8.mp3 in Resources */,
				0F29F15B1682475600E81811 /* A2.mp3 in Resources */,
				0F29F15C1682475600E81811 /* A2_2.mp3 in Resources */,
				0F29F15D1682475600E81811 /* A2_4.mp3 in Resources */,
				0F29F15E1682475600E81811 /* A2_8.mp3 in Resources */,
				0F29F15F1682475600E81811 /* B1.mp3 in Resources */,
				0F29F1601682475600E81811 /* B1_2.mp3 in Resources */,
				0F29F1611682475600E81811 /* B1_4.mp3 in Resources */,
				0F29F1621682475600E81811 /* B1_8.mp3 in Resources */,
				0F29F1631682475600E81811 /* B2.mp3 in Resources */,
				0F29F1641682475600E81811 /* B2_2.mp3 in Resources */,
				0F29F1651682475600E81811 /* B2_4.mp3 in Resources */,
				0F29F1661682475600E81811 /* B2_8.mp3 in Resources */,
				0F29F1671682475600E81811 /* C1.mp3 in Resources */,
				0F29F1681682475600E81811 /* C1_2.mp3 in Resources */,
				0F29F1691682475600E81811 /* C1_4.mp3 in Resources */,
				0F29F16A1682475600E81811 /* C1_8.mp3 in Resources */,
				0F29F16B1682475600E81811 /* C2.mp3 in Resources */,
				0F29F16C1682475600E81811 /* C2_2.mp3 in Resources */,
				0F29F16D1682475600E81811 /* C2_4.mp3 in Resources */,
				0F29F16E1682475600E81811 /* C2_8.mp3 in Resources */,
				0F29F16F1682475600E81811 /* C3.mp3 in Resources */,
				0F29F1701682475600E81811 /* C3_2.mp3 in Resources */,
				0F29F1711682475600E81811 /* C3_4.mp3 in Resources */,
				0F29F1721682475600E81811 /* C3_8.mp3 in Resources */,
				0F29F1731682475600E81811 /* D1.mp3 in Resources */,
				0F29F1741682475600E81811 /* D1_2.mp3 in Resources */,
				0F29F1751682475600E81811 /* D1_4.mp3 in Resources */,
				0F29F1761682475600E81811 /* D1_8.mp3 in Resources */,
				0F29F1771682475600E81811 /* D2.mp3 in Resources */,
				0F29F1781682475600E81811 /* D2_2.mp3 in Resources */,
				0F29F1791682475600E81811 /* D2_4.mp3 in Resources */,
				0F29F17A1682475600E81811 /* D2_8.mp3 in Resources */,
				0F29F17B1682475600E81811 /* D3.mp3 in Resources */,
				0F29F17C1682475600E81811 /* D3_2.mp3 in Resources */,
				0F29F17D1682475600E81811 /* D3_4.mp3 in Resources */,
				0F29F17E1682475600E81811 /* D3_8.mp3 in Resources */,
				0F29F17F1682475600E81811 /* E1.mp3 in Resources */,
				0F29F1801682475600E81811 /* E1_2.mp3 in Resources */,
				0F29F1811682475600E81811 /* E1_4.mp3 in Resources */,
				0F29F1821682475600E81811 /* E1_8.mp3 in Resources */,
				0F29F1831682475600E81811 /* E2.mp3 in Resources */,
				0F29F1841682475600E81811 /* E2_2.mp3 in Resources */,
				0F29F1851682475600E81811 /* E2_4.mp3 in Resources */,
				0F29F1861682475600E81811 /* E2_8.mp3 in Resources */,
				0F29F1871682475600E81811 /* E3.mp3 in Resources */,
				0F29F1881682475600E81811 /* E3_2.mp3 in Resources */,
				0F29F1891682475600E81811 /* E3_4.mp3 in Resources */,
				0F29F18A1682475600E81811 /* E3_8.mp3 in Resources */,
				0F29F18B1682475600E81811 /* F1.mp3 in Resources */,
				0F29F18C1682475600E81811 /* F1_2.mp3 in Resources */,
				0F29F18D1682475600E81811 /* F1_4.mp3 in Resources */,
				0F29F18E1682475600E81811 /* F1_8.mp3 in Resources */,
				0F29F18F1682475600E81811 /* F2.mp3 in Resources */,
				0F29F1901682475600E81811 /* F2_2.mp3 in Resources */,
				0F29F1911682475600E81811 /* F2_4.mp3 in Resources */,
				0F29F1921682475600E81811 /* F2_8.mp3 in Resources */,
				0F29F1931682475600E81811 /* F3.mp3 in Resources */,
				0F29F1941682475600E81811 /* F3_2.mp3 in Resources */,
				0F29F1951682475600E81811 /* F3_4.mp3 in Resources */,
				0F29F1961682475600E81811 /* F3_8.mp3 in Resources */,
				0F29F1971682475600E81811 /* G1.mp3 in Resources */,
				0F29F1981682475600E81811 /* G1_2.mp3 in Resources */,
				0F29F1991682475600E81811 /* G1_4.mp3 in Resources */,
				0F29F19A1682475600E81811 /* G1_8.mp3 in Resources */,
				0F29F19B1682475600E81811 /* G2.mp3 in Resources */,
				0F29F19C1682475600E81811 /* G2_2.mp3 in Resources */,
				0F29F19D1682475600E81811 /* G2_4.mp3 in Resources */,
				0F29F19E1682475600E81811 /* G2_8.mp3 in Resources */,
				0F29F19F1682475600E81811 /* rest.mp3 in Resources */,
				0F29F1A01682475600E81811 /* rest_2.mp3 in Resources */,
				0F29F1A11682475600E81811 /* rest_4.mp3 in Resources */,
				0F29F1A21682475600E81811 /* rest_8.mp3 in Resources */,
				9055BC571670845D0050E3A2 /* InfoPlist.strings in Resources */,
				9055BC5F1670845D0050E3A2 /* Default.png in Resources */,
				9055BC611670845D0050E3A2 /* Default@2x.png in Resources */,
				9055BC631670845D0050E3A2 /* Default-568h@2x.png in Resources */,
				9055BC661670845D0050E3A2 /* MainStoryboard.storyboard in Resources */,
				90CA10501672FF8600584DE9 /* music_staff.png in Resources */,
				542B1F46167F9613004F4B89 /* line.png in Resources */,
				900C908916805D2800FCF207 /* songs.plist in Resources */,
				900C908F1680940300FCF207 /* Icon-72@2x.png in Resources */,
				900C90911680942200FCF207 /* Icon-72.png in Resources */,
				900C90991680AC7900FCF207 /* stick.png in Resources */,
				54045D311681AFB300C57821 /* staff_back.png in Resources */,
				54045D3D1681F7BB00C57821 /* back_button.png in Resources */,
				54045D3F1682190800C57821 /* Treble_Clef.png in Resources */,
				54045D421682208700C57821 /* play_icon.png in Resources */,
				54045D431682208700C57821 /* submit_icon.png in Resources */,
				54045D471682292600C57821 /* dash.png in Resources */,
				90613249168224E900D76DBE /* index.png in Resources */,
				902FE21216822E70000783DB /* arrow.png in Resources */,
				902FE2201682666E000783DB /* roulette.png in Resources */,
				54045D4E1682540000C57821 /* play_with_text.png in Resources */,
				54045D4F1682540000C57821 /* submit_with_text.png in Resources */,
				54045D581682647800C57821 /* failed_view.png in Resources */,
				54045D7F16826A7300C57821 /* back_button_pressed.png in Resources */,
				54045D8016826A7300C57821 /* submit_with_text_pressed.png in Resources */,
				54045D8116826A7300C57821 /* play_with_text_pressed.png in Resources */,
				54045D8F168289AF00C57821 /* success.png in Resources */,
				90DB1330168AE559005BE324 /* finger.png in Resources */,
				54D6A4211686174A00A01E62 /* staff_line.png in Resources */,
				54D6A42516861D4900A01E62 /* back_button-3.png in Resources */,
				54D6A42616861D4900A01E62 /* back_button-2.png in Resources */,
				54D6A42816861F8F00A01E62 /* back_button-4.png in Resources */,
				5409411D168B41C9007CDB47 /* submit_button_3d_press.png in Resources */,
				5409411E168B41C9007CDB47 /* submit_button_3d.png in Resources */,
				5409411F168B41C9007CDB47 /* back_button_3d_press.png in Resources */,
				54094120168B41C9007CDB47 /* play_button_3d_press.png in Resources */,
				54094121168B41C9007CDB47 /* play_button_3d.png in Resources */,
				54094122168B41C9007CDB47 /* back_button_3d.png in Resources */,
				54094125168B42C2007CDB47 /* back_button_3d_press-2.png in Resources */,
			);
			runOnlyForDeploymentPostprocessing = 0;
		};
/* End PBXResourcesBuildPhase section */

/* Begin PBXSourcesBuildPhase section */
		9055BC441670845D0050E3A2 /* Sources */ = {
			isa = PBXSourcesBuildPhase;
			buildActionMask = 2147483647;
			files = (
				0F8E39FB167ADDFA00F5FCD7 /* GESoundManager.m in Sources */,
				9055BC591670845D0050E3A2 /* main.m in Sources */,
				9055BC5D1670845D0050E3A2 /* GEAppDelegate.m in Sources */,
				90CA10531673009F00584DE9 /* GEComposeViewController.m in Sources */,
				54028AFF1673BB43003F997C /* GENote.m in Sources */,
				542B1F43167F924B004F4B89 /* GEStaff.m in Sources */,
				542B1F4916801B43004F4B89 /* GECalculateHelper.m in Sources */,
				90362DBE167604B400B65AAC /* GEDragToPlayView.m in Sources */,
				54045D53168255E700C57821 /* GEResult.m in Sources */,
				54045D561682608300C57821 /* GEFailedView.m in Sources */,
				54045D891682708300C57821 /* SCWaveAnimationView.m in Sources */,
			);
			runOnlyForDeploymentPostprocessing = 0;
		};
/* End PBXSourcesBuildPhase section */

/* Begin PBXVariantGroup section */
		9055BC551670845D0050E3A2 /* InfoPlist.strings */ = {
			isa = PBXVariantGroup;
			children = (
				9055BC561670845D0050E3A2 /* en */,
			);
			name = InfoPlist.strings;
			sourceTree = "<group>";
		};
		9055BC641670845D0050E3A2 /* MainStoryboard.storyboard */ = {
			isa = PBXVariantGroup;
			children = (
				9055BC651670845D0050E3A2 /* en */,
			);
			name = MainStoryboard.storyboard;
			sourceTree = "<group>";
		};
/* End PBXVariantGroup section */

/* Begin XCBuildConfiguration section */
		9055BC6A1670845D0050E3A2 /* Debug */ = {
			isa = XCBuildConfiguration;
			buildSettings = {
				ALWAYS_SEARCH_USER_PATHS = NO;
				CLANG_CXX_LANGUAGE_STANDARD = "gnu++0x";
				CLANG_CXX_LIBRARY = "libc++";
				CLANG_ENABLE_OBJC_ARC = YES;
				CLANG_WARN_EMPTY_BODY = YES;
				CLANG_WARN__DUPLICATE_METHOD_MATCH = YES;
				"CODE_SIGN_IDENTITY[sdk=iphoneos*]" = "iPhone Developer";
				COPY_PHASE_STRIP = NO;
				GCC_C_LANGUAGE_STANDARD = gnu99;
				GCC_DYNAMIC_NO_PIC = NO;
				GCC_OPTIMIZATION_LEVEL = 0;
				GCC_PREPROCESSOR_DEFINITIONS = (
					"DEBUG=1",
					"$(inherited)",
				);
				GCC_SYMBOLS_PRIVATE_EXTERN = NO;
				GCC_WARN_ABOUT_RETURN_TYPE = YES;
				GCC_WARN_UNINITIALIZED_AUTOS = YES;
				GCC_WARN_UNUSED_VARIABLE = YES;
				IPHONEOS_DEPLOYMENT_TARGET = 6.0;
				ONLY_ACTIVE_ARCH = YES;
				SDKROOT = iphoneos;
				TARGETED_DEVICE_FAMILY = 2;
			};
			name = Debug;
		};
		9055BC6B1670845D0050E3A2 /* Release */ = {
			isa = XCBuildConfiguration;
			buildSettings = {
				ALWAYS_SEARCH_USER_PATHS = NO;
				CLANG_CXX_LANGUAGE_STANDARD = "gnu++0x";
				CLANG_CXX_LIBRARY = "libc++";
				CLANG_ENABLE_OBJC_ARC = YES;
				CLANG_WARN_EMPTY_BODY = YES;
				CLANG_WARN__DUPLICATE_METHOD_MATCH = YES;
				"CODE_SIGN_IDENTITY[sdk=iphoneos*]" = "iPhone Developer";
				COPY_PHASE_STRIP = YES;
				GCC_C_LANGUAGE_STANDARD = gnu99;
				GCC_WARN_ABOUT_RETURN_TYPE = YES;
				GCC_WARN_UNINITIALIZED_AUTOS = YES;
				GCC_WARN_UNUSED_VARIABLE = YES;
				IPHONEOS_DEPLOYMENT_TARGET = 6.0;
				OTHER_CFLAGS = "-DNS_BLOCK_ASSERTIONS=1";
				SDKROOT = iphoneos;
				TARGETED_DEVICE_FAMILY = 2;
				VALIDATE_PRODUCT = YES;
			};
			name = Release;
		};
		9055BC6D1670845D0050E3A2 /* Debug */ = {
			isa = XCBuildConfiguration;
			buildSettings = {
				GCC_PRECOMPILE_PREFIX_HEADER = YES;
				GCC_PREFIX_HEADER = "gene/gene-Prefix.pch";
				INFOPLIST_FILE = "gene/gene-Info.plist";
				IPHONEOS_DEPLOYMENT_TARGET = 5.1;
				PRODUCT_NAME = "積音";
				WRAPPER_EXTENSION = app;
			};
			name = Debug;
		};
		9055BC6E1670845D0050E3A2 /* Release */ = {
			isa = XCBuildConfiguration;
			buildSettings = {
				GCC_PRECOMPILE_PREFIX_HEADER = YES;
				GCC_PREFIX_HEADER = "gene/gene-Prefix.pch";
				INFOPLIST_FILE = "gene/gene-Info.plist";
				IPHONEOS_DEPLOYMENT_TARGET = 5.1;
				PRODUCT_NAME = "積音";
				WRAPPER_EXTENSION = app;
			};
			name = Release;
		};
/* End XCBuildConfiguration section */

/* Begin XCConfigurationList section */
		9055BC421670845D0050E3A2 /* Build configuration list for PBXProject "gene" */ = {
			isa = XCConfigurationList;
			buildConfigurations = (
				9055BC6A1670845D0050E3A2 /* Debug */,
				9055BC6B1670845D0050E3A2 /* Release */,
			);
			defaultConfigurationIsVisible = 0;
			defaultConfigurationName = Release;
		};
		9055BC6C1670845D0050E3A2 /* Build configuration list for PBXNativeTarget "gene" */ = {
			isa = XCConfigurationList;
			buildConfigurations = (
				9055BC6D1670845D0050E3A2 /* Debug */,
				9055BC6E1670845D0050E3A2 /* Release */,
			);
			defaultConfigurationIsVisible = 0;
			defaultConfigurationName = Release;
		};
/* End XCConfigurationList section */
	};
	rootObject = 9055BC3F1670845D0050E3A2 /* Project object */;
}
